// !$*UTF8*$!
{
	archiveVersion = 1;
	classes = {
	};
	objectVersion = 46;
	objects = {

/* Begin PBXGroup section */
		B28B04991E9EB7E6006C0CED = {
			isa = PBXGroup;
			children = (
			);
			sourceTree = "<group>";
		};
/* End PBXGroup section */

/* Begin PBXProject section */
		B28B049A1E9EB7E6006C0CED /* Project object */ = {
			isa = PBXProject;
			attributes = {
				LastUpgradeCheck = 0830;
			};
			buildConfigurationList = B28B049D1E9EB7E6006C0CED /* Build configuration list for PBXProject "CenterTextLayer" */;
			compatibilityVersion = "Xcode 3.2";
			developmentRegion = English;
			hasScannedForEncodings = 0;
			knownRegions = (
				en,
			);
			mainGroup = B28B04991E9EB7E6006C0CED;
			projectDirPath = "";
			projectRoot = "";
			targets = (
			);
		};
/* End PBXProject section */

/* Begin XCBuildConfiguration section */
		B28B049E1E9EB7E6006C0CED /* Debug */ = {
			isa = XCBuildConfiguration;
			buildSettings = {
			};
			name = Debug;
		};
		B28B049F1E9EB7E6006C0CED /* Release */ = {
			isa = XCBuildConfiguration;
			buildSettings = {
			};
			name = Release;
		};
/* End XCBuildConfiguration section */

/* Begin XCConfigurationList section */
		B28B049D1E9EB7E6006C0CED /* Build configuration list for PBXProject "CenterTextLayer" */ = {
			isa = XCConfigurationList;
			buildConfigurations = (
				B28B049E1E9EB7E6006C0CED /* Debug */,
				B28B049F1E9EB7E6006C0CED /* Release */,
			);
			defaultConfigurationIsVisible = 0;
			defaultConfigurationName = Release;
		};
/* End XCConfigurationList section */
	};
	rootObject = B28B049A1E9EB7E6006C0CED /* Project object */;
}
